
Microsoft Visual Studio Solution File, Format Version 12.00
# Visual Studio Version 17
VisualStudioVersion = 17.9.34616.47
MinimumVisualStudioVersion = 10.0.40219.1
Project("{FAE04EC0-301F-11D3-BF4B-00C04F79EFBC}") = "InventoryManger", "InventoryManger\InventoryManger.csproj", "{F8428112-5630-4A13-889D-AE969B56BBA0}"
EndProject
Global
	GlobalSection(SolutionConfigurationPlatforms) = preSolution
		Debug|Any CPU = Debug|Any CPU
		Release|Any CPU = Release|Any CPU
	EndGlobalSection
	GlobalSection(ProjectConfigurationPlatforms) = postSolution
		{F8428112-5630-4A13-889D-AE969B56BBA0}.Debug|Any CPU.ActiveCfg = Debug|Any CPU
		{F8428112-5630-4A13-889D-AE969B56BBA0}.Debug|Any CPU.Build.0 = Debug|Any CPU
		{F8428112-5630-4A13-889D-AE969B56BBA0}.Release|Any CPU.ActiveCfg = Release|Any CPU
		{F8428112-5630-4A13-889D-AE969B56BBA0}.Release|Any CPU.Build.0 = Release|Any CPU
	EndGlobalSection
	GlobalSection(SolutionProperties) = preSolution
		HideSolutionNode = FALSE
	EndGlobalSection
	GlobalSection(ExtensibilityGlobals) = postSolution
		SolutionGuid = {4B55E136-9027-46F9-BA6D-B4E6C2DD3F3D}
	EndGlobalSection
EndGlobal
